
Microsoft Visual Studio Solution File, Format Version 12.00
# Visual Studio Version 16
VisualStudioVersion = 16.0.30621.155
MinimumVisualStudioVersion = 10.0.40219.1
Project("{9A19103F-16F7-4668-BE54-9A1E7A4F7556}") = "testeAlter", "testeAlter.csproj", "{67B1D03F-1F62-42CC-A609-1D1349229282}"
EndProject
Global
	GlobalSection(SolutionConfigurationPlatforms) = preSolution
		Debug|Any CPU = Debug|Any CPU
		Release|Any CPU = Release|Any CPU
	EndGlobalSection
	GlobalSection(ProjectConfigurationPlatforms) = postSolution
		{67B1D03F-1F62-42CC-A609-1D1349229282}.Debug|Any CPU.ActiveCfg = Debug|Any CPU
		{67B1D03F-1F62-42CC-A609-1D1349229282}.Debug|Any CPU.Build.0 = Debug|Any CPU
		{67B1D03F-1F62-42CC-A609-1D1349229282}.Release|Any CPU.ActiveCfg = Release|Any CPU
		{67B1D03F-1F62-42CC-A609-1D1349229282}.Release|Any CPU.Build.0 = Release|Any CPU
	EndGlobalSection
	GlobalSection(SolutionProperties) = preSolution
		HideSolutionNode = FALSE
	EndGlobalSection
	GlobalSection(ExtensibilityGlobals) = postSolution
		SolutionGuid = {751514F9-ECAD-4AAF-A385-E1046BFA61F6}
	EndGlobalSection
EndGlobal
